
Microsoft Visual Studio Solution File, Format Version 12.00
# Visual Studio Version 17
VisualStudioVersion = 17.8.34330.188
MinimumVisualStudioVersion = 10.0.40219.1
Project("{2150E333-8FDC-42A3-9474-1A3956D46DE8}") = "Data", "Data", "{5A48BBE6-3A85-4C65-9077-5C7AD1C65ED5}"
EndProject
Project("{2150E333-8FDC-42A3-9474-1A3956D46DE8}") = "Services", "Services", "{CE66D453-12EC-491A-A4B9-573449FA51D6}"
EndProject
Project("{9A19103F-16F7-4668-BE54-9A1E7A4F7556}") = "Exchange.Services.Logger", "Services\Exchange.Services.Logger\Exchange.Services.Logger.csproj", "{F60710AD-D340-4259-AF43-392AE1250E03}"
EndProject
Project("{2150E333-8FDC-42A3-9474-1A3956D46DE8}") = "Shared", "Shared", "{6CE99F2B-1453-4D47-BC36-4F11466CF080}"
EndProject
Project("{9A19103F-16F7-4668-BE54-9A1E7A4F7556}") = "Exchange.Common", "Shared\Exchange.Common\Exchange.Common.csproj", "{C763D125-5173-4D91-8BDF-72EA66DAA2F6}"
EndProject
Project("{2150E333-8FDC-42A3-9474-1A3956D46DE8}") = "Systems", "Systems", "{000579A9-B566-4B76-8B7D-F67CC3946E97}"
EndProject
Project("{9A19103F-16F7-4668-BE54-9A1E7A4F7556}") = "Exchange.ExchangeValute", "Systems\Api\Exchange.ExchangeValue\Exchange.ExchangeValute.csproj", "{9A6B267F-25BD-470E-A108-6D88FCE8A01A}"
EndProject
Project("{2150E333-8FDC-42A3-9474-1A3956D46DE8}") = "Api", "Api", "{23018298-DD9D-4C61-AFFC-34AB4A7C57E8}"
EndProject
Project("{9A19103F-16F7-4668-BE54-9A1E7A4F7556}") = "Exchange.Services.Settings", "Services\Exchange.Services.Settings\Exchange.Services.Settings.csproj", "{F5C50F09-B5CA-497E-B6A9-CD3015B4F823}"
EndProject
Project("{9A19103F-16F7-4668-BE54-9A1E7A4F7556}") = "Exchange.Services.ValutaRate", "Services\Exchange.Services.ValuteRate\Exchange.Services.ValutaRate.csproj", "{7A76B092-CFF4-45F4-9192-646D95BA9F8F}"
EndProject
Project("{2150E333-8FDC-42A3-9474-1A3956D46DE8}") = "Rate", "Rate", "{132C4CF5-B9CF-4295-9C4A-9D78A7A72F8F}"
EndProject
Project("{2150E333-8FDC-42A3-9474-1A3956D46DE8}") = "Migrations", "Migrations", "{CDD1A912-5180-4EEE-9081-2D2C9D881EA7}"
EndProject
Project("{2150E333-8FDC-42A3-9474-1A3956D46DE8}") = "Элементы решения", "Элементы решения", "{4FCF62F4-7FF2-417E-81DF-9ABF6D0E3264}"
	ProjectSection(SolutionItems) = preProject
		docker-compose.yaml = docker-compose.yaml
	EndProjectSection
EndProject
Project("{9A19103F-16F7-4668-BE54-9A1E7A4F7556}") = "Exchange.ExchangeCache", "Systems\Api\Exchange.ExchangeCache\Exchange.ExchangeCache.csproj", "{92583C30-CE97-4926-865F-7CE9D2FD412D}"
EndProject
Project("{9A19103F-16F7-4668-BE54-9A1E7A4F7556}") = "Exchange.Services.Cache", "Services\Exchange.Services.Cache\Exchange.Services.Cache.csproj", "{2C578AE2-2FB2-45B2-8884-023D95382E5B}"
EndProject
Project("{9A19103F-16F7-4668-BE54-9A1E7A4F7556}") = "Exchange.Services.Authorization", "Services\Exchange.Services.Authorization\Exchange.Services.Authorization.csproj", "{E22ABC44-AE40-40A5-B14D-5E28FBFC058F}"
EndProject
Project("{9A19103F-16F7-4668-BE54-9A1E7A4F7556}") = "Exchange.Context.Migrations.PgSql", "Data\Rate\Migrations\Exchange.Migrations.PgSql\Exchange.Context.Migrations.PgSql.csproj", "{211662BE-E65B-4A61-9244-36F7D119E93C}"
EndProject
Project("{9A19103F-16F7-4668-BE54-9A1E7A4F7556}") = "Exchange.Seeder", "Data\Rate\Exchange.Seeder\Exchange.Seeder.csproj", "{D4DE9CB0-7FA7-4F07-9420-96CC1BF995BC}"
EndProject
Project("{9A19103F-16F7-4668-BE54-9A1E7A4F7556}") = "Exchange.Context", "Data\Rate\Exchange.Context\Exchange.Context.csproj", "{99D942A7-AA91-47CF-AD71-E4EAF958B506}"
EndProject
Project("{9A19103F-16F7-4668-BE54-9A1E7A4F7556}") = "Exchange.Entities", "Data\Rate\Exchange.Entities\Exchange.Entities.csproj", "{5B074FF2-16F9-4734-B668-ADDA8DE3C335}"
EndProject
Project("{2150E333-8FDC-42A3-9474-1A3956D46DE8}") = "Account", "Account", "{29D1298C-DD35-4A6D-9687-5EA5210345D8}"
EndProject
Project("{9A19103F-16F7-4668-BE54-9A1E7A4F7556}") = "Exchange.Account.Context", "Data\Account\Exchange.Account.Context\Exchange.Account.Context.csproj", "{C67438DE-CE3A-4253-B2CB-FA9927F26A9C}"
EndProject
Project("{9A19103F-16F7-4668-BE54-9A1E7A4F7556}") = "Exchange.Account.Entities", "Data\Account\Exchange.Account.Entities\Exchange.Account.Entities.csproj", "{243624FB-91F3-4410-A395-A8A834569817}"
EndProject
Project("{9A19103F-16F7-4668-BE54-9A1E7A4F7556}") = "Exchange.ExchangeAccount", "Systems\Api\Exchange.ExchangeAccount\Exchange.ExchangeAccount.csproj", "{09C55EED-3902-4C68-B163-BC72294D9F45}"
EndProject
Project("{2150E333-8FDC-42A3-9474-1A3956D46DE8}") = "Migrations", "Migrations", "{14F22E34-9DA9-4413-9C75-FB8C62628BB0}"
EndProject
Project("{9A19103F-16F7-4668-BE54-9A1E7A4F7556}") = "Exchange.Account.Context.Migrations.PgSql", "Data\Account\Migrations\Exchange.Account.Context.Migrations.PgSql\Exchange.Account.Context.Migrations.PgSql.csproj", "{12605020-BEB6-414C-ADFD-A39B97A4571C}"
EndProject
Project("{9A19103F-16F7-4668-BE54-9A1E7A4F7556}") = "Exchange.Services.Account", "Services\Exchange.Services.Account\Exchange.Services.Account.csproj", "{DC2368ED-4309-4BF7-B129-99D7E38C5200}"
EndProject
Project("{9A19103F-16F7-4668-BE54-9A1E7A4F7556}") = "Exchange.Worker", "Systems\Worker\Exchange.Worker\Exchange.Worker.csproj", "{20BAFBD4-94D2-4785-9322-3938C1DAF377}"
EndProject
Project("{2150E333-8FDC-42A3-9474-1A3956D46DE8}") = "Worker", "Worker", "{48A7319A-0217-44AB-BBC8-2DA1F7C4A798}"
EndProject
Project("{9A19103F-16F7-4668-BE54-9A1E7A4F7556}") = "Exchange.Services.RabbitMq", "Services\Exchange.Services.RabbitMq\Exchange.Services.RabbitMq.csproj", "{9373C4AA-5AF5-4370-AE57-1FCF59025A65}"
EndProject
Project("{9A19103F-16F7-4668-BE54-9A1E7A4F7556}") = "Exchange.Services.EmailAction", "Services\Exchange.Services.EmailAction\Exchange.Services.EmailAction.csproj", "{53341CB3-242E-416F-8AA1-E133F328362C}"
EndProject
Project("{9A19103F-16F7-4668-BE54-9A1E7A4F7556}") = "Exchange.WorkerDaily", "Systems\Worker\Exchange.WorkerDaily\Exchange.WorkerDaily.csproj", "{9B984949-4228-46B9-95BD-46068DE20064}"
EndProject
Project("{9A19103F-16F7-4668-BE54-9A1E7A4F7556}") = "Exchange.ExchangeEmail", "Systems\Api\Exchange.ExchangeEmail\Exchange.ExchangeEmail.csproj", "{79F1336D-B04F-4958-A4FD-C891729F0FBA}"
EndProject
Project("{9A19103F-16F7-4668-BE54-9A1E7A4F7556}") = "Exchange.Services.MessageSendler", "Services\Exchange.Services.MessageSendler\Exchange.Services.MessageSendler.csproj", "{D161C8EB-94AE-4F2D-84F2-44F1CB78F35D}"
EndProject
Project("{9A19103F-16F7-4668-BE54-9A1E7A4F7556}") = "Exchange.ExchangeAuth", "Systems\Api\Exchange.ExchangeAuth\Exchange.ExchangeAuth.csproj", "{BBF769C4-87DD-4CCE-9F96-4D6565065355}"
EndProject
Project("{2150E333-8FDC-42A3-9474-1A3956D46DE8}") = "Authorization", "Authorization", "{9E258007-815B-420C-A111-51B8FF05B90A}"
EndProject
Project("{2150E333-8FDC-42A3-9474-1A3956D46DE8}") = "Migrations", "Migrations", "{F5DE732E-F987-4E05-AC4D-9D0421335959}"
EndProject
Project("{9A19103F-16F7-4668-BE54-9A1E7A4F7556}") = "Exchange.Authorization.Entities", "Data\Authorization\Exchange.Authorization.Entities\Exchange.Authorization.Entities.csproj", "{14FA8CCB-CCBA-4DFA-9937-195FE7127C5F}"
EndProject
Project("{9A19103F-16F7-4668-BE54-9A1E7A4F7556}") = "Exchange.Authorization.Context.Migrations.PgSql", "Data\Authorization\Migrations\Exchange.Authorization.Context.Migrations.PgSql\Exchange.Authorization.Context.Migrations.PgSql.csproj", "{BA4E5EBB-AABD-4CB7-9E50-D0972F484009}"
EndProject
Project("{9A19103F-16F7-4668-BE54-9A1E7A4F7556}") = "Exchange.Authorization.Context", "Data\Authorization\Exchange.Authorization.Context\Exchange.Authorization.Context.csproj", "{4116129B-9236-45D0-8780-4F4FF3D19F6E}"
EndProject
Project("{9A19103F-16F7-4668-BE54-9A1E7A4F7556}") = "Exchange.Services.Storage", "Services\Exchange.Services.Storage\Exchange.Services.Storage.csproj", "{4AE0A5C1-9774-405F-861A-6FF64F158E75}"
EndProject
Project("{FAE04EC0-301F-11D3-BF4B-00C04F79EFBC}") = "Exchange.ExchangeStorage", "Systems\Api\Exchange.ExchangeStorage\Exchange.ExchangeStorage.csproj", "{DB4CE3E5-FB01-41AA-985D-4946C4FD020B}"
EndProject
Global
	GlobalSection(SolutionConfigurationPlatforms) = preSolution
		Debug|Any CPU = Debug|Any CPU
		Release|Any CPU = Release|Any CPU
	EndGlobalSection
	GlobalSection(ProjectConfigurationPlatforms) = postSolution
		{F60710AD-D340-4259-AF43-392AE1250E03}.Debug|Any CPU.ActiveCfg = Debug|Any CPU
		{F60710AD-D340-4259-AF43-392AE1250E03}.Debug|Any CPU.Build.0 = Debug|Any CPU
		{F60710AD-D340-4259-AF43-392AE1250E03}.Release|Any CPU.ActiveCfg = Release|Any CPU
		{F60710AD-D340-4259-AF43-392AE1250E03}.Release|Any CPU.Build.0 = Release|Any CPU
		{C763D125-5173-4D91-8BDF-72EA66DAA2F6}.Debug|Any CPU.ActiveCfg = Debug|Any CPU
		{C763D125-5173-4D91-8BDF-72EA66DAA2F6}.Debug|Any CPU.Build.0 = Debug|Any CPU
		{C763D125-5173-4D91-8BDF-72EA66DAA2F6}.Release|Any CPU.ActiveCfg = Release|Any CPU
		{C763D125-5173-4D91-8BDF-72EA66DAA2F6}.Release|Any CPU.Build.0 = Release|Any CPU
		{9A6B267F-25BD-470E-A108-6D88FCE8A01A}.Debug|Any CPU.ActiveCfg = Debug|Any CPU
		{9A6B267F-25BD-470E-A108-6D88FCE8A01A}.Debug|Any CPU.Build.0 = Debug|Any CPU
		{9A6B267F-25BD-470E-A108-6D88FCE8A01A}.Release|Any CPU.ActiveCfg = Release|Any CPU
		{9A6B267F-25BD-470E-A108-6D88FCE8A01A}.Release|Any CPU.Build.0 = Release|Any CPU
		{F5C50F09-B5CA-497E-B6A9-CD3015B4F823}.Debug|Any CPU.ActiveCfg = Debug|Any CPU
		{F5C50F09-B5CA-497E-B6A9-CD3015B4F823}.Debug|Any CPU.Build.0 = Debug|Any CPU
		{F5C50F09-B5CA-497E-B6A9-CD3015B4F823}.Release|Any CPU.ActiveCfg = Release|Any CPU
		{F5C50F09-B5CA-497E-B6A9-CD3015B4F823}.Release|Any CPU.Build.0 = Release|Any CPU
		{7A76B092-CFF4-45F4-9192-646D95BA9F8F}.Debug|Any CPU.ActiveCfg = Debug|Any CPU
		{7A76B092-CFF4-45F4-9192-646D95BA9F8F}.Debug|Any CPU.Build.0 = Debug|Any CPU
		{7A76B092-CFF4-45F4-9192-646D95BA9F8F}.Release|Any CPU.ActiveCfg = Release|Any CPU
		{7A76B092-CFF4-45F4-9192-646D95BA9F8F}.Release|Any CPU.Build.0 = Release|Any CPU
		{92583C30-CE97-4926-865F-7CE9D2FD412D}.Debug|Any CPU.ActiveCfg = Debug|Any CPU
		{92583C30-CE97-4926-865F-7CE9D2FD412D}.Debug|Any CPU.Build.0 = Debug|Any CPU
		{92583C30-CE97-4926-865F-7CE9D2FD412D}.Release|Any CPU.ActiveCfg = Release|Any CPU
		{92583C30-CE97-4926-865F-7CE9D2FD412D}.Release|Any CPU.Build.0 = Release|Any CPU
		{2C578AE2-2FB2-45B2-8884-023D95382E5B}.Debug|Any CPU.ActiveCfg = Debug|Any CPU
		{2C578AE2-2FB2-45B2-8884-023D95382E5B}.Debug|Any CPU.Build.0 = Debug|Any CPU
		{2C578AE2-2FB2-45B2-8884-023D95382E5B}.Release|Any CPU.ActiveCfg = Release|Any CPU
		{2C578AE2-2FB2-45B2-8884-023D95382E5B}.Release|Any CPU.Build.0 = Release|Any CPU
		{E22ABC44-AE40-40A5-B14D-5E28FBFC058F}.Debug|Any CPU.ActiveCfg = Debug|Any CPU
		{E22ABC44-AE40-40A5-B14D-5E28FBFC058F}.Debug|Any CPU.Build.0 = Debug|Any CPU
		{E22ABC44-AE40-40A5-B14D-5E28FBFC058F}.Release|Any CPU.ActiveCfg = Release|Any CPU
		{E22ABC44-AE40-40A5-B14D-5E28FBFC058F}.Release|Any CPU.Build.0 = Release|Any CPU
		{211662BE-E65B-4A61-9244-36F7D119E93C}.Debug|Any CPU.ActiveCfg = Debug|Any CPU
		{211662BE-E65B-4A61-9244-36F7D119E93C}.Debug|Any CPU.Build.0 = Debug|Any CPU
		{211662BE-E65B-4A61-9244-36F7D119E93C}.Release|Any CPU.ActiveCfg = Release|Any CPU
		{211662BE-E65B-4A61-9244-36F7D119E93C}.Release|Any CPU.Build.0 = Release|Any CPU
		{D4DE9CB0-7FA7-4F07-9420-96CC1BF995BC}.Debug|Any CPU.ActiveCfg = Debug|Any CPU
		{D4DE9CB0-7FA7-4F07-9420-96CC1BF995BC}.Debug|Any CPU.Build.0 = Debug|Any CPU
		{D4DE9CB0-7FA7-4F07-9420-96CC1BF995BC}.Release|Any CPU.ActiveCfg = Release|Any CPU
		{D4DE9CB0-7FA7-4F07-9420-96CC1BF995BC}.Release|Any CPU.Build.0 = Release|Any CPU
		{99D942A7-AA91-47CF-AD71-E4EAF958B506}.Debug|Any CPU.ActiveCfg = Debug|Any CPU
		{99D942A7-AA91-47CF-AD71-E4EAF958B506}.Debug|Any CPU.Build.0 = Debug|Any CPU
		{99D942A7-AA91-47CF-AD71-E4EAF958B506}.Release|Any CPU.ActiveCfg = Release|Any CPU
		{99D942A7-AA91-47CF-AD71-E4EAF958B506}.Release|Any CPU.Build.0 = Release|Any CPU
		{5B074FF2-16F9-4734-B668-ADDA8DE3C335}.Debug|Any CPU.ActiveCfg = Debug|Any CPU
		{5B074FF2-16F9-4734-B668-ADDA8DE3C335}.Debug|Any CPU.Build.0 = Debug|Any CPU
		{5B074FF2-16F9-4734-B668-ADDA8DE3C335}.Release|Any CPU.ActiveCfg = Release|Any CPU
		{5B074FF2-16F9-4734-B668-ADDA8DE3C335}.Release|Any CPU.Build.0 = Release|Any CPU
		{C67438DE-CE3A-4253-B2CB-FA9927F26A9C}.Debug|Any CPU.ActiveCfg = Debug|Any CPU
		{C67438DE-CE3A-4253-B2CB-FA9927F26A9C}.Debug|Any CPU.Build.0 = Debug|Any CPU
		{C67438DE-CE3A-4253-B2CB-FA9927F26A9C}.Release|Any CPU.ActiveCfg = Release|Any CPU
		{C67438DE-CE3A-4253-B2CB-FA9927F26A9C}.Release|Any CPU.Build.0 = Release|Any CPU
		{243624FB-91F3-4410-A395-A8A834569817}.Debug|Any CPU.ActiveCfg = Debug|Any CPU
		{243624FB-91F3-4410-A395-A8A834569817}.Debug|Any CPU.Build.0 = Debug|Any CPU
		{243624FB-91F3-4410-A395-A8A834569817}.Release|Any CPU.ActiveCfg = Release|Any CPU
		{243624FB-91F3-4410-A395-A8A834569817}.Release|Any CPU.Build.0 = Release|Any CPU
		{09C55EED-3902-4C68-B163-BC72294D9F45}.Debug|Any CPU.ActiveCfg = Debug|Any CPU
		{09C55EED-3902-4C68-B163-BC72294D9F45}.Debug|Any CPU.Build.0 = Debug|Any CPU
		{09C55EED-3902-4C68-B163-BC72294D9F45}.Release|Any CPU.ActiveCfg = Release|Any CPU
		{09C55EED-3902-4C68-B163-BC72294D9F45}.Release|Any CPU.Build.0 = Release|Any CPU
		{12605020-BEB6-414C-ADFD-A39B97A4571C}.Debug|Any CPU.ActiveCfg = Debug|Any CPU
		{12605020-BEB6-414C-ADFD-A39B97A4571C}.Debug|Any CPU.Build.0 = Debug|Any CPU
		{12605020-BEB6-414C-ADFD-A39B97A4571C}.Release|Any CPU.ActiveCfg = Release|Any CPU
		{12605020-BEB6-414C-ADFD-A39B97A4571C}.Release|Any CPU.Build.0 = Release|Any CPU
		{DC2368ED-4309-4BF7-B129-99D7E38C5200}.Debug|Any CPU.ActiveCfg = Debug|Any CPU
		{DC2368ED-4309-4BF7-B129-99D7E38C5200}.Debug|Any CPU.Build.0 = Debug|Any CPU
		{DC2368ED-4309-4BF7-B129-99D7E38C5200}.Release|Any CPU.ActiveCfg = Release|Any CPU
		{DC2368ED-4309-4BF7-B129-99D7E38C5200}.Release|Any CPU.Build.0 = Release|Any CPU
		{20BAFBD4-94D2-4785-9322-3938C1DAF377}.Debug|Any CPU.ActiveCfg = Debug|Any CPU
		{20BAFBD4-94D2-4785-9322-3938C1DAF377}.Debug|Any CPU.Build.0 = Debug|Any CPU
		{20BAFBD4-94D2-4785-9322-3938C1DAF377}.Release|Any CPU.ActiveCfg = Release|Any CPU
		{20BAFBD4-94D2-4785-9322-3938C1DAF377}.Release|Any CPU.Build.0 = Release|Any CPU
		{9373C4AA-5AF5-4370-AE57-1FCF59025A65}.Debug|Any CPU.ActiveCfg = Debug|Any CPU
		{9373C4AA-5AF5-4370-AE57-1FCF59025A65}.Debug|Any CPU.Build.0 = Debug|Any CPU
		{9373C4AA-5AF5-4370-AE57-1FCF59025A65}.Release|Any CPU.ActiveCfg = Release|Any CPU
		{9373C4AA-5AF5-4370-AE57-1FCF59025A65}.Release|Any CPU.Build.0 = Release|Any CPU
		{53341CB3-242E-416F-8AA1-E133F328362C}.Debug|Any CPU.ActiveCfg = Debug|Any CPU
		{53341CB3-242E-416F-8AA1-E133F328362C}.Debug|Any CPU.Build.0 = Debug|Any CPU
		{53341CB3-242E-416F-8AA1-E133F328362C}.Release|Any CPU.ActiveCfg = Release|Any CPU
		{53341CB3-242E-416F-8AA1-E133F328362C}.Release|Any CPU.Build.0 = Release|Any CPU
		{9B984949-4228-46B9-95BD-46068DE20064}.Debug|Any CPU.ActiveCfg = Debug|Any CPU
		{9B984949-4228-46B9-95BD-46068DE20064}.Debug|Any CPU.Build.0 = Debug|Any CPU
		{9B984949-4228-46B9-95BD-46068DE20064}.Release|Any CPU.ActiveCfg = Release|Any CPU
		{9B984949-4228-46B9-95BD-46068DE20064}.Release|Any CPU.Build.0 = Release|Any CPU
		{79F1336D-B04F-4958-A4FD-C891729F0FBA}.Debug|Any CPU.ActiveCfg = Debug|Any CPU
		{79F1336D-B04F-4958-A4FD-C891729F0FBA}.Debug|Any CPU.Build.0 = Debug|Any CPU
		{79F1336D-B04F-4958-A4FD-C891729F0FBA}.Release|Any CPU.ActiveCfg = Release|Any CPU
		{79F1336D-B04F-4958-A4FD-C891729F0FBA}.Release|Any CPU.Build.0 = Release|Any CPU
		{D161C8EB-94AE-4F2D-84F2-44F1CB78F35D}.Debug|Any CPU.ActiveCfg = Debug|Any CPU
		{D161C8EB-94AE-4F2D-84F2-44F1CB78F35D}.Debug|Any CPU.Build.0 = Debug|Any CPU
		{D161C8EB-94AE-4F2D-84F2-44F1CB78F35D}.Release|Any CPU.ActiveCfg = Release|Any CPU
		{D161C8EB-94AE-4F2D-84F2-44F1CB78F35D}.Release|Any CPU.Build.0 = Release|Any CPU
		{BBF769C4-87DD-4CCE-9F96-4D6565065355}.Debug|Any CPU.ActiveCfg = Debug|Any CPU
		{BBF769C4-87DD-4CCE-9F96-4D6565065355}.Debug|Any CPU.Build.0 = Debug|Any CPU
		{BBF769C4-87DD-4CCE-9F96-4D6565065355}.Release|Any CPU.ActiveCfg = Release|Any CPU
		{BBF769C4-87DD-4CCE-9F96-4D6565065355}.Release|Any CPU.Build.0 = Release|Any CPU
		{14FA8CCB-CCBA-4DFA-9937-195FE7127C5F}.Debug|Any CPU.ActiveCfg = Debug|Any CPU
		{14FA8CCB-CCBA-4DFA-9937-195FE7127C5F}.Debug|Any CPU.Build.0 = Debug|Any CPU
		{14FA8CCB-CCBA-4DFA-9937-195FE7127C5F}.Release|Any CPU.ActiveCfg = Release|Any CPU
		{14FA8CCB-CCBA-4DFA-9937-195FE7127C5F}.Release|Any CPU.Build.0 = Release|Any CPU
		{BA4E5EBB-AABD-4CB7-9E50-D0972F484009}.Debug|Any CPU.ActiveCfg = Debug|Any CPU
		{BA4E5EBB-AABD-4CB7-9E50-D0972F484009}.Debug|Any CPU.Build.0 = Debug|Any CPU
		{BA4E5EBB-AABD-4CB7-9E50-D0972F484009}.Release|Any CPU.ActiveCfg = Release|Any CPU
		{BA4E5EBB-AABD-4CB7-9E50-D0972F484009}.Release|Any CPU.Build.0 = Release|Any CPU
		{4116129B-9236-45D0-8780-4F4FF3D19F6E}.Debug|Any CPU.ActiveCfg = Debug|Any CPU
		{4116129B-9236-45D0-8780-4F4FF3D19F6E}.Debug|Any CPU.Build.0 = Debug|Any CPU
		{4116129B-9236-45D0-8780-4F4FF3D19F6E}.Release|Any CPU.ActiveCfg = Release|Any CPU
		{4116129B-9236-45D0-8780-4F4FF3D19F6E}.Release|Any CPU.Build.0 = Release|Any CPU
		{4AE0A5C1-9774-405F-861A-6FF64F158E75}.Debug|Any CPU.ActiveCfg = Debug|Any CPU
		{4AE0A5C1-9774-405F-861A-6FF64F158E75}.Debug|Any CPU.Build.0 = Debug|Any CPU
		{4AE0A5C1-9774-405F-861A-6FF64F158E75}.Release|Any CPU.ActiveCfg = Release|Any CPU
		{4AE0A5C1-9774-405F-861A-6FF64F158E75}.Release|Any CPU.Build.0 = Release|Any CPU
		{DB4CE3E5-FB01-41AA-985D-4946C4FD020B}.Debug|Any CPU.ActiveCfg = Debug|Any CPU
		{DB4CE3E5-FB01-41AA-985D-4946C4FD020B}.Debug|Any CPU.Build.0 = Debug|Any CPU
		{DB4CE3E5-FB01-41AA-985D-4946C4FD020B}.Release|Any CPU.ActiveCfg = Release|Any CPU
		{DB4CE3E5-FB01-41AA-985D-4946C4FD020B}.Release|Any CPU.Build.0 = Release|Any CPU
	EndGlobalSection
	GlobalSection(SolutionProperties) = preSolution
		HideSolutionNode = FALSE
	EndGlobalSection
	GlobalSection(NestedProjects) = preSolution
		{F60710AD-D340-4259-AF43-392AE1250E03} = {CE66D453-12EC-491A-A4B9-573449FA51D6}
		{C763D125-5173-4D91-8BDF-72EA66DAA2F6} = {6CE99F2B-1453-4D47-BC36-4F11466CF080}
		{9A6B267F-25BD-470E-A108-6D88FCE8A01A} = {23018298-DD9D-4C61-AFFC-34AB4A7C57E8}
		{23018298-DD9D-4C61-AFFC-34AB4A7C57E8} = {000579A9-B566-4B76-8B7D-F67CC3946E97}
		{F5C50F09-B5CA-497E-B6A9-CD3015B4F823} = {CE66D453-12EC-491A-A4B9-573449FA51D6}
		{7A76B092-CFF4-45F4-9192-646D95BA9F8F} = {CE66D453-12EC-491A-A4B9-573449FA51D6}
		{132C4CF5-B9CF-4295-9C4A-9D78A7A72F8F} = {5A48BBE6-3A85-4C65-9077-5C7AD1C65ED5}
		{CDD1A912-5180-4EEE-9081-2D2C9D881EA7} = {132C4CF5-B9CF-4295-9C4A-9D78A7A72F8F}
		{92583C30-CE97-4926-865F-7CE9D2FD412D} = {23018298-DD9D-4C61-AFFC-34AB4A7C57E8}
		{2C578AE2-2FB2-45B2-8884-023D95382E5B} = {CE66D453-12EC-491A-A4B9-573449FA51D6}
		{E22ABC44-AE40-40A5-B14D-5E28FBFC058F} = {CE66D453-12EC-491A-A4B9-573449FA51D6}
		{211662BE-E65B-4A61-9244-36F7D119E93C} = {CDD1A912-5180-4EEE-9081-2D2C9D881EA7}
		{D4DE9CB0-7FA7-4F07-9420-96CC1BF995BC} = {132C4CF5-B9CF-4295-9C4A-9D78A7A72F8F}
		{99D942A7-AA91-47CF-AD71-E4EAF958B506} = {132C4CF5-B9CF-4295-9C4A-9D78A7A72F8F}
		{5B074FF2-16F9-4734-B668-ADDA8DE3C335} = {132C4CF5-B9CF-4295-9C4A-9D78A7A72F8F}
		{29D1298C-DD35-4A6D-9687-5EA5210345D8} = {5A48BBE6-3A85-4C65-9077-5C7AD1C65ED5}
		{C67438DE-CE3A-4253-B2CB-FA9927F26A9C} = {29D1298C-DD35-4A6D-9687-5EA5210345D8}
		{243624FB-91F3-4410-A395-A8A834569817} = {29D1298C-DD35-4A6D-9687-5EA5210345D8}
		{09C55EED-3902-4C68-B163-BC72294D9F45} = {23018298-DD9D-4C61-AFFC-34AB4A7C57E8}
		{14F22E34-9DA9-4413-9C75-FB8C62628BB0} = {29D1298C-DD35-4A6D-9687-5EA5210345D8}
		{12605020-BEB6-414C-ADFD-A39B97A4571C} = {14F22E34-9DA9-4413-9C75-FB8C62628BB0}
		{DC2368ED-4309-4BF7-B129-99D7E38C5200} = {CE66D453-12EC-491A-A4B9-573449FA51D6}
		{20BAFBD4-94D2-4785-9322-3938C1DAF377} = {48A7319A-0217-44AB-BBC8-2DA1F7C4A798}
		{48A7319A-0217-44AB-BBC8-2DA1F7C4A798} = {000579A9-B566-4B76-8B7D-F67CC3946E97}
		{9373C4AA-5AF5-4370-AE57-1FCF59025A65} = {CE66D453-12EC-491A-A4B9-573449FA51D6}
		{53341CB3-242E-416F-8AA1-E133F328362C} = {CE66D453-12EC-491A-A4B9-573449FA51D6}
		{9B984949-4228-46B9-95BD-46068DE20064} = {48A7319A-0217-44AB-BBC8-2DA1F7C4A798}
		{79F1336D-B04F-4958-A4FD-C891729F0FBA} = {23018298-DD9D-4C61-AFFC-34AB4A7C57E8}
		{D161C8EB-94AE-4F2D-84F2-44F1CB78F35D} = {CE66D453-12EC-491A-A4B9-573449FA51D6}
		{BBF769C4-87DD-4CCE-9F96-4D6565065355} = {23018298-DD9D-4C61-AFFC-34AB4A7C57E8}
		{9E258007-815B-420C-A111-51B8FF05B90A} = {5A48BBE6-3A85-4C65-9077-5C7AD1C65ED5}
		{F5DE732E-F987-4E05-AC4D-9D0421335959} = {9E258007-815B-420C-A111-51B8FF05B90A}
		{14FA8CCB-CCBA-4DFA-9937-195FE7127C5F} = {9E258007-815B-420C-A111-51B8FF05B90A}
		{BA4E5EBB-AABD-4CB7-9E50-D0972F484009} = {F5DE732E-F987-4E05-AC4D-9D0421335959}
		{4116129B-9236-45D0-8780-4F4FF3D19F6E} = {9E258007-815B-420C-A111-51B8FF05B90A}
		{4AE0A5C1-9774-405F-861A-6FF64F158E75} = {CE66D453-12EC-491A-A4B9-573449FA51D6}
		{DB4CE3E5-FB01-41AA-985D-4946C4FD020B} = {23018298-DD9D-4C61-AFFC-34AB4A7C57E8}
	EndGlobalSection
	GlobalSection(ExtensibilityGlobals) = postSolution
		SolutionGuid = {FB24B7B9-B505-47C8-AB41-C98FA9CC9E5E}
	EndGlobalSection
EndGlobal
